
Microsoft Visual Studio Solution File, Format Version 12.00
# Visual Studio Version 16
VisualStudioVersion = 16.0.29411.108
MinimumVisualStudioVersion = 10.0.40219.1
Project("{FAE04EC0-301F-11D3-BF4B-00C04F79EFBC}") = "Custom Report Debugger 2.0", "Custom Report Debugger 2.0.csproj", "{EB3E2FB9-C8ED-429B-A30D-569123BFCB30}"
EndProject
Global
	GlobalSection(SolutionConfigurationPlatforms) = preSolution
		Debug|Any CPU = Debug|Any CPU
		Release|Any CPU = Release|Any CPU
	EndGlobalSection
	GlobalSection(ProjectConfigurationPlatforms) = postSolution
		{EB3E2FB9-C8ED-429B-A30D-569123BFCB30}.Debug|Any CPU.ActiveCfg = Release|Any CPU
		{EB3E2FB9-C8ED-429B-A30D-569123BFCB30}.Debug|Any CPU.Build.0 = Release|Any CPU
		{EB3E2FB9-C8ED-429B-A30D-569123BFCB30}.Release|Any CPU.ActiveCfg = Release|Any CPU
		{EB3E2FB9-C8ED-429B-A30D-569123BFCB30}.Release|Any CPU.Build.0 = Release|Any CPU
	EndGlobalSection
	GlobalSection(SolutionProperties) = preSolution
		HideSolutionNode = FALSE
	EndGlobalSection
	GlobalSection(ExtensibilityGlobals) = postSolution
		SolutionGuid = {2990B85E-9C5E-417C-A3F9-840232E28A23}
	EndGlobalSection
EndGlobal
